
Microsoft Visual Studio Solution File, Format Version 12.00
# Visual Studio Version 17
VisualStudioVersion = 17.8.34330.188
MinimumVisualStudioVersion = 10.0.40219.1
Project("{FAE04EC0-301F-11D3-BF4B-00C04F79EFBC}") = "Multithreading1", "Multithreading1.csproj", "{CDF23B5F-F537-43FA-AFD5-6DE79CB8E1FA}"
EndProject
Global
	GlobalSection(SolutionConfigurationPlatforms) = preSolution
		Debug|Any CPU = Debug|Any CPU
		Release|Any CPU = Release|Any CPU
	EndGlobalSection
	GlobalSection(ProjectConfigurationPlatforms) = postSolution
		{CDF23B5F-F537-43FA-AFD5-6DE79CB8E1FA}.Debug|Any CPU.ActiveCfg = Debug|Any CPU
		{CDF23B5F-F537-43FA-AFD5-6DE79CB8E1FA}.Debug|Any CPU.Build.0 = Debug|Any CPU
		{CDF23B5F-F537-43FA-AFD5-6DE79CB8E1FA}.Release|Any CPU.ActiveCfg = Release|Any CPU
		{CDF23B5F-F537-43FA-AFD5-6DE79CB8E1FA}.Release|Any CPU.Build.0 = Release|Any CPU
	EndGlobalSection
	GlobalSection(SolutionProperties) = preSolution
		HideSolutionNode = FALSE
	EndGlobalSection
	GlobalSection(ExtensibilityGlobals) = postSolution
		SolutionGuid = {91448649-8BF4-4E3A-A7B0-6C566BC41CE8}
	EndGlobalSection
EndGlobal
