
Microsoft Visual Studio Solution File, Format Version 12.00
# Visual Studio Version 17
VisualStudioVersion = 17.8.34330.188
MinimumVisualStudioVersion = 10.0.40219.1
Project("{FAE04EC0-301F-11D3-BF4B-00C04F79EFBC}") = "BridgeLabDay1", "BridgeLabDay1.csproj", "{B25E509B-9E4A-4FD1-9393-5ACCE5FA5C2E}"
EndProject
Global
	GlobalSection(SolutionConfigurationPlatforms) = preSolution
		Debug|Any CPU = Debug|Any CPU
		Release|Any CPU = Release|Any CPU
	EndGlobalSection
	GlobalSection(ProjectConfigurationPlatforms) = postSolution
		{B25E509B-9E4A-4FD1-9393-5ACCE5FA5C2E}.Debug|Any CPU.ActiveCfg = Debug|Any CPU
		{B25E509B-9E4A-4FD1-9393-5ACCE5FA5C2E}.Debug|Any CPU.Build.0 = Debug|Any CPU
		{B25E509B-9E4A-4FD1-9393-5ACCE5FA5C2E}.Release|Any CPU.ActiveCfg = Release|Any CPU
		{B25E509B-9E4A-4FD1-9393-5ACCE5FA5C2E}.Release|Any CPU.Build.0 = Release|Any CPU
	EndGlobalSection
	GlobalSection(SolutionProperties) = preSolution
		HideSolutionNode = FALSE
	EndGlobalSection
	GlobalSection(ExtensibilityGlobals) = postSolution
		SolutionGuid = {E9F3BE35-CEE7-4163-A13E-32161C187FF2}
	EndGlobalSection
EndGlobal
