
Microsoft Visual Studio Solution File, Format Version 12.00
# Visual Studio Version 17
VisualStudioVersion = 17.8.34330.188
MinimumVisualStudioVersion = 10.0.40219.1
Project("{FAE04EC0-301F-11D3-BF4B-00C04F79EFBC}") = "ContosoPizza", "ContosoPizza.csproj", "{87217ECA-1C21-43D3-A50D-EE4727BF6C20}"
EndProject
Global
	GlobalSection(SolutionConfigurationPlatforms) = preSolution
		Debug|Any CPU = Debug|Any CPU
		Release|Any CPU = Release|Any CPU
	EndGlobalSection
	GlobalSection(ProjectConfigurationPlatforms) = postSolution
		{87217ECA-1C21-43D3-A50D-EE4727BF6C20}.Debug|Any CPU.ActiveCfg = Debug|Any CPU
		{87217ECA-1C21-43D3-A50D-EE4727BF6C20}.Debug|Any CPU.Build.0 = Debug|Any CPU
		{87217ECA-1C21-43D3-A50D-EE4727BF6C20}.Release|Any CPU.ActiveCfg = Release|Any CPU
		{87217ECA-1C21-43D3-A50D-EE4727BF6C20}.Release|Any CPU.Build.0 = Release|Any CPU
	EndGlobalSection
	GlobalSection(SolutionProperties) = preSolution
		HideSolutionNode = FALSE
	EndGlobalSection
	GlobalSection(ExtensibilityGlobals) = postSolution
		SolutionGuid = {09F50CEA-5C5A-4FC9-BB10-FF25F8E036AE}
	EndGlobalSection
EndGlobal
