
Microsoft Visual Studio Solution File, Format Version 12.00
# Visual Studio Version 17
VisualStudioVersion = 17.8.34330.188
MinimumVisualStudioVersion = 10.0.40219.1
Project("{FAE04EC0-301F-11D3-BF4B-00C04F79EFBC}") = "DisconnectedArchitectureExample1", "DisconnectedArchitectureExample1.csproj", "{C40B5D01-B4AE-47A9-9AD4-C7A7FFC13C60}"
EndProject
Global
	GlobalSection(SolutionConfigurationPlatforms) = preSolution
		Debug|Any CPU = Debug|Any CPU
		Release|Any CPU = Release|Any CPU
	EndGlobalSection
	GlobalSection(ProjectConfigurationPlatforms) = postSolution
		{C40B5D01-B4AE-47A9-9AD4-C7A7FFC13C60}.Debug|Any CPU.ActiveCfg = Debug|Any CPU
		{C40B5D01-B4AE-47A9-9AD4-C7A7FFC13C60}.Debug|Any CPU.Build.0 = Debug|Any CPU
		{C40B5D01-B4AE-47A9-9AD4-C7A7FFC13C60}.Release|Any CPU.ActiveCfg = Release|Any CPU
		{C40B5D01-B4AE-47A9-9AD4-C7A7FFC13C60}.Release|Any CPU.Build.0 = Release|Any CPU
	EndGlobalSection
	GlobalSection(SolutionProperties) = preSolution
		HideSolutionNode = FALSE
	EndGlobalSection
	GlobalSection(ExtensibilityGlobals) = postSolution
		SolutionGuid = {D4A0F5EC-92AA-4556-AEB7-08FE7F58BB20}
	EndGlobalSection
EndGlobal
